// !$*UTF8*$!
{
	archiveVersion = 1;
	classes = {
	};
	objectVersion = 46;
	objects = {

/* Begin PBXBuildFile section */
		202E9BA3EB98A43806A77409 /* libPods-BottleRocketApp.a in Frameworks */ = {isa = PBXBuildFile; fileRef = 5B06ED70FE0077FF44FB7100 /* libPods-BottleRocketApp.a */; };
		CD9FA0741F57F2B7008EC7D1 /* BRSRestaurant.m in Sources */ = {isa = PBXBuildFile; fileRef = CD9FA0731F57F2B7008EC7D1 /* BRSRestaurant.m */; };
		CD9FA0771F57F2FC008EC7D1 /* BRSContact.m in Sources */ = {isa = PBXBuildFile; fileRef = CD9FA0761F57F2FC008EC7D1 /* BRSContact.m */; };
		CD9FA07A1F57F31E008EC7D1 /* BRSLocation.m in Sources */ = {isa = PBXBuildFile; fileRef = CD9FA0791F57F31E008EC7D1 /* BRSLocation.m */; };
		CD9FA0801F57F3BB008EC7D1 /* BRSDataProvider.m in Sources */ = {isa = PBXBuildFile; fileRef = CD9FA07F1F57F3BB008EC7D1 /* BRSDataProvider.m */; };
		CD9FA08C1F57FE3A008EC7D1 /* BRSRestaurantsViewController.m in Sources */ = {isa = PBXBuildFile; fileRef = CD9FA0891F57FE3A008EC7D1 /* BRSRestaurantsViewController.m */; };
		CD9FA08D1F57FE3A008EC7D1 /* BRSWebViewController.m in Sources */ = {isa = PBXBuildFile; fileRef = CD9FA08B1F57FE3A008EC7D1 /* BRSWebViewController.m */; };
		CD9FA08F1F57FE67008EC7D1 /* BRSRestaurantsCell.xib in Resources */ = {isa = PBXBuildFile; fileRef = CD9FA08E1F57FE67008EC7D1 /* BRSRestaurantsCell.xib */; };
		CD9FA0921F5801B3008EC7D1 /* BRSRestaurantCollectionViewCell.m in Sources */ = {isa = PBXBuildFile; fileRef = CD9FA0911F5801B3008EC7D1 /* BRSRestaurantCollectionViewCell.m */; };
		CD9FA0951F581801008EC7D1 /* BRSDetailRestaurantViewController.m in Sources */ = {isa = PBXBuildFile; fileRef = CD9FA0941F581801008EC7D1 /* BRSDetailRestaurantViewController.m */; };
		CDA4F7001F5BFA47006E062D /* BRSRestaurantsMapViewController.m in Sources */ = {isa = PBXBuildFile; fileRef = CDA4F6FF1F5BFA47006E062D /* BRSRestaurantsMapViewController.m */; };
		CDE267EA1F5861190055FC4D /* UIViewController+BRSAutoratation.m in Sources */ = {isa = PBXBuildFile; fileRef = CDE267E91F5861190055FC4D /* UIViewController+BRSAutoratation.m */; };
		CDEC106D1F57EA74000DC756 /* main.m in Sources */ = {isa = PBXBuildFile; fileRef = CDEC106C1F57EA74000DC756 /* main.m */; };
		CDEC10701F57EA74000DC756 /* BRSAppDelegate.m in Sources */ = {isa = PBXBuildFile; fileRef = CDEC106F1F57EA74000DC756 /* BRSAppDelegate.m */; };
		CDEC10761F57EA74000DC756 /* Main.storyboard in Resources */ = {isa = PBXBuildFile; fileRef = CDEC10741F57EA74000DC756 /* Main.storyboard */; };
		CDEC10781F57EA74000DC756 /* Assets.xcassets in Resources */ = {isa = PBXBuildFile; fileRef = CDEC10771F57EA74000DC756 /* Assets.xcassets */; };
		CDEC107B1F57EA74000DC756 /* LaunchScreen.storyboard in Resources */ = {isa = PBXBuildFile; fileRef = CDEC10791F57EA74000DC756 /* LaunchScreen.storyboard */; };
/* End PBXBuildFile section */

/* Begin PBXFileReference section */
		30505147713E90F004A07A6F /* Pods-BottleRocketApp.release.xcconfig */ = {isa = PBXFileReference; includeInIndex = 1; lastKnownFileType = text.xcconfig; name = "Pods-BottleRocketApp.release.xcconfig"; path = "Pods/Target Support Files/Pods-BottleRocketApp/Pods-BottleRocketApp.release.xcconfig"; sourceTree = "<group>"; };
		5B06ED70FE0077FF44FB7100 /* libPods-BottleRocketApp.a */ = {isa = PBXFileReference; explicitFileType = archive.ar; includeInIndex = 0; path = "libPods-BottleRocketApp.a"; sourceTree = BUILT_PRODUCTS_DIR; };
		CD9FA0701F57EFD8008EC7D1 /* BRSAPI.h */ = {isa = PBXFileReference; lastKnownFileType = sourcecode.c.h; name = BRSAPI.h; path = "Network Layer/BRSAPI.h"; sourceTree = "<group>"; };
		CD9FA0721F57F2B7008EC7D1 /* BRSRestaurant.h */ = {isa = PBXFileReference; fileEncoding = 4; lastKnownFileType = sourcecode.c.h; name = BRSRestaurant.h; path = Models/BRSRestaurant.h; sourceTree = "<group>"; };
		CD9FA0731F57F2B7008EC7D1 /* BRSRestaurant.m */ = {isa = PBXFileReference; fileEncoding = 4; lastKnownFileType = sourcecode.c.objc; name = BRSRestaurant.m; path = Models/BRSRestaurant.m; sourceTree = "<group>"; };
		CD9FA0751F57F2FC008EC7D1 /* BRSContact.h */ = {isa = PBXFileReference; fileEncoding = 4; lastKnownFileType = sourcecode.c.h; name = BRSContact.h; path = Models/BRSContact.h; sourceTree = "<group>"; };
		CD9FA0761F57F2FC008EC7D1 /* BRSContact.m */ = {isa = PBXFileReference; fileEncoding = 4; lastKnownFileType = sourcecode.c.objc; name = BRSContact.m; path = Models/BRSContact.m; sourceTree = "<group>"; };
		CD9FA0781F57F31E008EC7D1 /* BRSLocation.h */ = {isa = PBXFileReference; fileEncoding = 4; lastKnownFileType = sourcecode.c.h; name = BRSLocation.h; path = Models/BRSLocation.h; sourceTree = "<group>"; };
		CD9FA0791F57F31E008EC7D1 /* BRSLocation.m */ = {isa = PBXFileReference; fileEncoding = 4; lastKnownFileType = sourcecode.c.objc; name = BRSLocation.m; path = Models/BRSLocation.m; sourceTree = "<group>"; };
		CD9FA07E1F57F3BB008EC7D1 /* BRSDataProvider.h */ = {isa = PBXFileReference; fileEncoding = 4; lastKnownFileType = sourcecode.c.h; name = BRSDataProvider.h; path = "Network Layer/BRSDataProvider.h"; sourceTree = "<group>"; };
		CD9FA07F1F57F3BB008EC7D1 /* BRSDataProvider.m */ = {isa = PBXFileReference; fileEncoding = 4; lastKnownFileType = sourcecode.c.objc; name = BRSDataProvider.m; path = "Network Layer/BRSDataProvider.m"; sourceTree = "<group>"; };
		CD9FA0881F57FE3A008EC7D1 /* BRSRestaurantsViewController.h */ = {isa = PBXFileReference; fileEncoding = 4; lastKnownFileType = sourcecode.c.h; name = BRSRestaurantsViewController.h; path = "Presentation Layer/View Controllers/BRSRestaurantsViewController.h"; sourceTree = "<group>"; };
		CD9FA0891F57FE3A008EC7D1 /* BRSRestaurantsViewController.m */ = {isa = PBXFileReference; fileEncoding = 4; lastKnownFileType = sourcecode.c.objc; name = BRSRestaurantsViewController.m; path = "Presentation Layer/View Controllers/BRSRestaurantsViewController.m"; sourceTree = "<group>"; };
		CD9FA08A1F57FE3A008EC7D1 /* BRSWebViewController.h */ = {isa = PBXFileReference; fileEncoding = 4; lastKnownFileType = sourcecode.c.h; name = BRSWebViewController.h; path = "Presentation Layer/View Controllers/BRSWebViewController.h"; sourceTree = "<group>"; };
		CD9FA08B1F57FE3A008EC7D1 /* BRSWebViewController.m */ = {isa = PBXFileReference; fileEncoding = 4; lastKnownFileType = sourcecode.c.objc; name = BRSWebViewController.m; path = "Presentation Layer/View Controllers/BRSWebViewController.m"; sourceTree = "<group>"; };
		CD9FA08E1F57FE67008EC7D1 /* BRSRestaurantsCell.xib */ = {isa = PBXFileReference; fileEncoding = 4; lastKnownFileType = file.xib; name = BRSRestaurantsCell.xib; path = "Presentation Layer/View/BRSRestaurantsCell.xib"; sourceTree = "<group>"; };
		CD9FA0901F5801B3008EC7D1 /* BRSRestaurantCollectionViewCell.h */ = {isa = PBXFileReference; fileEncoding = 4; lastKnownFileType = sourcecode.c.h; name = BRSRestaurantCollectionViewCell.h; path = "Presentation Layer/View/BRSRestaurantCollectionViewCell.h"; sourceTree = "<group>"; };
		CD9FA0911F5801B3008EC7D1 /* BRSRestaurantCollectionViewCell.m */ = {isa = PBXFileReference; fileEncoding = 4; lastKnownFileType = sourcecode.c.objc; name = BRSRestaurantCollectionViewCell.m; path = "Presentation Layer/View/BRSRestaurantCollectionViewCell.m"; sourceTree = "<group>"; };
		CD9FA0931F581801008EC7D1 /* BRSDetailRestaurantViewController.h */ = {isa = PBXFileReference; fileEncoding = 4; lastKnownFileType = sourcecode.c.h; name = BRSDetailRestaurantViewController.h; path = "Presentation Layer/View Controllers/BRSDetailRestaurantViewController.h"; sourceTree = "<group>"; };
		CD9FA0941F581801008EC7D1 /* BRSDetailRestaurantViewController.m */ = {isa = PBXFileReference; fileEncoding = 4; lastKnownFileType = sourcecode.c.objc; name = BRSDetailRestaurantViewController.m; path = "Presentation Layer/View Controllers/BRSDetailRestaurantViewController.m"; sourceTree = "<group>"; };
		CDA4F6FE1F5BFA47006E062D /* BRSRestaurantsMapViewController.h */ = {isa = PBXFileReference; fileEncoding = 4; lastKnownFileType = sourcecode.c.h; name = BRSRestaurantsMapViewController.h; path = "Presentation Layer/View Controllers/BRSRestaurantsMapViewController.h"; sourceTree = "<group>"; };
		CDA4F6FF1F5BFA47006E062D /* BRSRestaurantsMapViewController.m */ = {isa = PBXFileReference; fileEncoding = 4; lastKnownFileType = sourcecode.c.objc; name = BRSRestaurantsMapViewController.m; path = "Presentation Layer/View Controllers/BRSRestaurantsMapViewController.m"; sourceTree = "<group>"; };
		CDE267E81F5861190055FC4D /* UIViewController+BRSAutoratation.h */ = {isa = PBXFileReference; fileEncoding = 4; lastKnownFileType = sourcecode.c.h; name = "UIViewController+BRSAutoratation.h"; path = "Utils/UIViewController+BRSAutoratation.h"; sourceTree = "<group>"; };
		CDE267E91F5861190055FC4D /* UIViewController+BRSAutoratation.m */ = {isa = PBXFileReference; fileEncoding = 4; lastKnownFileType = sourcecode.c.objc; name = "UIViewController+BRSAutoratation.m"; path = "Utils/UIViewController+BRSAutoratation.m"; sourceTree = "<group>"; };
		CDEC10681F57EA74000DC756 /* BottleRocketApp.app */ = {isa = PBXFileReference; explicitFileType = wrapper.application; includeInIndex = 0; path = BottleRocketApp.app; sourceTree = BUILT_PRODUCTS_DIR; };
		CDEC106C1F57EA74000DC756 /* main.m */ = {isa = PBXFileReference; lastKnownFileType = sourcecode.c.objc; path = main.m; sourceTree = "<group>"; };
		CDEC106E1F57EA74000DC756 /* BRSAppDelegate.h */ = {isa = PBXFileReference; lastKnownFileType = sourcecode.c.h; path = BRSAppDelegate.h; sourceTree = "<group>"; };
		CDEC106F1F57EA74000DC756 /* BRSAppDelegate.m */ = {isa = PBXFileReference; lastKnownFileType = sourcecode.c.objc; path = BRSAppDelegate.m; sourceTree = "<group>"; };
		CDEC10751F57EA74000DC756 /* Base */ = {isa = PBXFileReference; lastKnownFileType = file.storyboard; name = Base; path = Base.lproj/Main.storyboard; sourceTree = "<group>"; };
		CDEC10771F57EA74000DC756 /* Assets.xcassets */ = {isa = PBXFileReference; lastKnownFileType = folder.assetcatalog; path = Assets.xcassets; sourceTree = "<group>"; };
		CDEC107A1F57EA74000DC756 /* Base */ = {isa = PBXFileReference; lastKnownFileType = file.storyboard; name = Base; path = Base.lproj/LaunchScreen.storyboard; sourceTree = "<group>"; };
		CDEC107C1F57EA74000DC756 /* Info.plist */ = {isa = PBXFileReference; lastKnownFileType = text.plist.xml; path = Info.plist; sourceTree = "<group>"; };
		E5D8279EA9D759403AC07D0B /* Pods-BottleRocketApp.debug.xcconfig */ = {isa = PBXFileReference; includeInIndex = 1; lastKnownFileType = text.xcconfig; name = "Pods-BottleRocketApp.debug.xcconfig"; path = "Pods/Target Support Files/Pods-BottleRocketApp/Pods-BottleRocketApp.debug.xcconfig"; sourceTree = "<group>"; };
/* End PBXFileReference section */

/* Begin PBXFrameworksBuildPhase section */
		CDEC10651F57EA74000DC756 /* Frameworks */ = {
			isa = PBXFrameworksBuildPhase;
			buildActionMask = 2147483647;
			files = (
				202E9BA3EB98A43806A77409 /* libPods-BottleRocketApp.a in Frameworks */,
			);
			runOnlyForDeploymentPostprocessing = 0;
		};
/* End PBXFrameworksBuildPhase section */

/* Begin PBXGroup section */
		0CE350B53D46A211CFD9E33F /* Frameworks */ = {
			isa = PBXGroup;
			children = (
				5B06ED70FE0077FF44FB7100 /* libPods-BottleRocketApp.a */,
			);
			name = Frameworks;
			sourceTree = "<group>";
		};
		313E4AA566108C772086EC98 /* Pods */ = {
			isa = PBXGroup;
			children = (
				E5D8279EA9D759403AC07D0B /* Pods-BottleRocketApp.debug.xcconfig */,
				30505147713E90F004A07A6F /* Pods-BottleRocketApp.release.xcconfig */,
			);
			name = Pods;
			sourceTree = "<group>";
		};
		CD9FA06B1F57EE48008EC7D1 /* Presentation Layer */ = {
			isa = PBXGroup;
			children = (
				CD9FA0841F57FDE2008EC7D1 /* View */,
				CD9FA0851F57FDF6008EC7D1 /* View Controllers */,
			);
			name = "Presentation Layer";
			sourceTree = "<group>";
		};
		CD9FA06F1F57EF9F008EC7D1 /* Network Layer */ = {
			isa = PBXGroup;
			children = (
				CD9FA0701F57EFD8008EC7D1 /* BRSAPI.h */,
				CD9FA07E1F57F3BB008EC7D1 /* BRSDataProvider.h */,
				CD9FA07F1F57F3BB008EC7D1 /* BRSDataProvider.m */,
			);
			name = "Network Layer";
			sourceTree = "<group>";
		};
		CD9FA0711F57F292008EC7D1 /* Models */ = {
			isa = PBXGroup;
			children = (
				CD9FA0721F57F2B7008EC7D1 /* BRSRestaurant.h */,
				CD9FA0731F57F2B7008EC7D1 /* BRSRestaurant.m */,
				CD9FA0751F57F2FC008EC7D1 /* BRSContact.h */,
				CD9FA0761F57F2FC008EC7D1 /* BRSContact.m */,
				CD9FA0781F57F31E008EC7D1 /* BRSLocation.h */,
				CD9FA0791F57F31E008EC7D1 /* BRSLocation.m */,
			);
			name = Models;
			sourceTree = "<group>";
		};
		CD9FA0841F57FDE2008EC7D1 /* View */ = {
			isa = PBXGroup;
			children = (
				CD9FA0901F5801B3008EC7D1 /* BRSRestaurantCollectionViewCell.h */,
				CD9FA0911F5801B3008EC7D1 /* BRSRestaurantCollectionViewCell.m */,
				CD9FA08E1F57FE67008EC7D1 /* BRSRestaurantsCell.xib */,
			);
			name = View;
			sourceTree = "<group>";
		};
		CD9FA0851F57FDF6008EC7D1 /* View Controllers */ = {
			isa = PBXGroup;
			children = (
				CD9FA0881F57FE3A008EC7D1 /* BRSRestaurantsViewController.h */,
				CD9FA0891F57FE3A008EC7D1 /* BRSRestaurantsViewController.m */,
				CD9FA08A1F57FE3A008EC7D1 /* BRSWebViewController.h */,
				CD9FA08B1F57FE3A008EC7D1 /* BRSWebViewController.m */,
				CD9FA0931F581801008EC7D1 /* BRSDetailRestaurantViewController.h */,
				CD9FA0941F581801008EC7D1 /* BRSDetailRestaurantViewController.m */,
				CDA4F6FE1F5BFA47006E062D /* BRSRestaurantsMapViewController.h */,
				CDA4F6FF1F5BFA47006E062D /* BRSRestaurantsMapViewController.m */,
			);
			name = "View Controllers";
			sourceTree = "<group>";
		};
		CDE267E71F5860E50055FC4D /* Utils */ = {
			isa = PBXGroup;
			children = (
				CDE267E81F5861190055FC4D /* UIViewController+BRSAutoratation.h */,
				CDE267E91F5861190055FC4D /* UIViewController+BRSAutoratation.m */,
			);
			name = Utils;
			sourceTree = "<group>";
		};
		CDEC105F1F57EA74000DC756 = {
			isa = PBXGroup;
			children = (
				CDEC106A1F57EA74000DC756 /* BottleRocketApp */,
				CDEC10691F57EA74000DC756 /* Products */,
				313E4AA566108C772086EC98 /* Pods */,
				0CE350B53D46A211CFD9E33F /* Frameworks */,
			);
			sourceTree = "<group>";
		};
		CDEC10691F57EA74000DC756 /* Products */ = {
			isa = PBXGroup;
			children = (
				CDEC10681F57EA74000DC756 /* BottleRocketApp.app */,
			);
			name = Products;
			sourceTree = "<group>";
		};
		CDEC106A1F57EA74000DC756 /* BottleRocketApp */ = {
			isa = PBXGroup;
			children = (
				CDE267E71F5860E50055FC4D /* Utils */,
				CD9FA0711F57F292008EC7D1 /* Models */,
				CD9FA06B1F57EE48008EC7D1 /* Presentation Layer */,
				CD9FA06F1F57EF9F008EC7D1 /* Network Layer */,
				CDEC106E1F57EA74000DC756 /* BRSAppDelegate.h */,
				CDEC106F1F57EA74000DC756 /* BRSAppDelegate.m */,
				CDEC10741F57EA74000DC756 /* Main.storyboard */,
				CDEC106B1F57EA74000DC756 /* Supporting Files */,
			);
			path = BottleRocketApp;
			sourceTree = "<group>";
		};
		CDEC106B1F57EA74000DC756 /* Supporting Files */ = {
			isa = PBXGroup;
			children = (
				CDEC10771F57EA74000DC756 /* Assets.xcassets */,
				CDEC10791F57EA74000DC756 /* LaunchScreen.storyboard */,
				CDEC107C1F57EA74000DC756 /* Info.plist */,
				CDEC106C1F57EA74000DC756 /* main.m */,
			);
			name = "Supporting Files";
			sourceTree = "<group>";
		};
/* End PBXGroup section */

/* Begin PBXNativeTarget section */
		CDEC10671F57EA74000DC756 /* BottleRocketApp */ = {
			isa = PBXNativeTarget;
			buildConfigurationList = CDEC107F1F57EA74000DC756 /* Build configuration list for PBXNativeTarget "BottleRocketApp" */;
			buildPhases = (
				6AF24D4A14CB077661D6EFAE /* [CP] Check Pods Manifest.lock */,
				CDEC10641F57EA74000DC756 /* Sources */,
				CDEC10651F57EA74000DC756 /* Frameworks */,
				CDEC10661F57EA74000DC756 /* Resources */,
				64B69FD92DFCA2C7D49CA690 /* [CP] Embed Pods Frameworks */,
				74F0B41595FFDF9A21626171 /* [CP] Copy Pods Resources */,
			);
			buildRules = (
			);
			dependencies = (
			);
			name = BottleRocketApp;
			productName = BottleRocketApp;
			productReference = CDEC10681F57EA74000DC756 /* BottleRocketApp.app */;
			productType = "com.apple.product-type.application";
		};
/* End PBXNativeTarget section */

/* Begin PBXProject section */
		CDEC10601F57EA74000DC756 /* Project object */ = {
			isa = PBXProject;
			attributes = {
				CLASSPREFIX = BRS;
				LastUpgradeCheck = 0830;
				ORGANIZATIONNAME = "Alexander Spirichev";
				TargetAttributes = {
					CDEC10671F57EA74000DC756 = {
						CreatedOnToolsVersion = 8.3.3;
						ProvisioningStyle = Manual;
					};
				};
			};
			buildConfigurationList = CDEC10631F57EA74000DC756 /* Build configuration list for PBXProject "BottleRocketApp" */;
			compatibilityVersion = "Xcode 3.2";
			developmentRegion = English;
			hasScannedForEncodings = 0;
			knownRegions = (
				en,
				Base,
			);
			mainGroup = CDEC105F1F57EA74000DC756;
			productRefGroup = CDEC10691F57EA74000DC756 /* Products */;
			projectDirPath = "";
			projectRoot = "";
			targets = (
				CDEC10671F57EA74000DC756 /* BottleRocketApp */,
			);
		};
/* End PBXProject section */

/* Begin PBXResourcesBuildPhase section */
		CDEC10661F57EA74000DC756 /* Resources */ = {
			isa = PBXResourcesBuildPhase;
			buildActionMask = 2147483647;
			files = (
				CDEC107B1F57EA74000DC756 /* LaunchScreen.storyboard in Resources */,
				CDEC10781F57EA74000DC756 /* Assets.xcassets in Resources */,
				CD9FA08F1F57FE67008EC7D1 /* BRSRestaurantsCell.xib in Resources */,
				CDEC10761F57EA74000DC756 /* Main.storyboard in Resources */,
			);
			runOnlyForDeploymentPostprocessing = 0;
		};
/* End PBXResourcesBuildPhase section */

/* Begin PBXShellScriptBuildPhase section */
		64B69FD92DFCA2C7D49CA690 /* [CP] Embed Pods Frameworks */ = {
			isa = PBXShellScriptBuildPhase;
			buildActionMask = 2147483647;
			files = (
			);
			inputPaths = (
			);
			name = "[CP] Embed Pods Frameworks";
			outputPaths = (
			);
			runOnlyForDeploymentPostprocessing = 0;
			shellPath = /bin/sh;
			shellScript = "\"${SRCROOT}/Pods/Target Support Files/Pods-BottleRocketApp/Pods-BottleRocketApp-frameworks.sh\"\n";
			showEnvVarsInLog = 0;
		};
		6AF24D4A14CB077661D6EFAE /* [CP] Check Pods Manifest.lock */ = {
			isa = PBXShellScriptBuildPhase;
			buildActionMask = 2147483647;
			files = (
			);
			inputPaths = (
				"${PODS_PODFILE_DIR_PATH}/Podfile.lock",
				"${PODS_ROOT}/Manifest.lock",
			);
			name = "[CP] Check Pods Manifest.lock";
			outputPaths = (
				"$(DERIVED_FILE_DIR)/Pods-BottleRocketApp-checkManifestLockResult.txt",
			);
			runOnlyForDeploymentPostprocessing = 0;
			shellPath = /bin/sh;
			shellScript = "diff \"${PODS_PODFILE_DIR_PATH}/Podfile.lock\" \"${PODS_ROOT}/Manifest.lock\" > /dev/null\nif [ $? != 0 ] ; then\n    # print error to STDERR\n    echo \"error: The sandbox is not in sync with the Podfile.lock. Run 'pod install' or update your CocoaPods installation.\" >&2\n    exit 1\nfi\n# This output is used by Xcode 'outputs' to avoid re-running this script phase.\necho \"SUCCESS\" > \"${SCRIPT_OUTPUT_FILE_0}\"\n";
			showEnvVarsInLog = 0;
		};
		74F0B41595FFDF9A21626171 /* [CP] Copy Pods Resources */ = {
			isa = PBXShellScriptBuildPhase;
			buildActionMask = 2147483647;
			files = (
			);
			inputPaths = (
			);
			name = "[CP] Copy Pods Resources";
			outputPaths = (
			);
			runOnlyForDeploymentPostprocessing = 0;
			shellPath = /bin/sh;
			shellScript = "\"${SRCROOT}/Pods/Target Support Files/Pods-BottleRocketApp/Pods-BottleRocketApp-resources.sh\"\n";
			showEnvVarsInLog = 0;
		};
/* End PBXShellScriptBuildPhase section */

/* Begin PBXSourcesBuildPhase section */
		CDEC10641F57EA74000DC756 /* Sources */ = {
			isa = PBXSourcesBuildPhase;
			buildActionMask = 2147483647;
			files = (
				CDA4F7001F5BFA47006E062D /* BRSRestaurantsMapViewController.m in Sources */,
				CD9FA0801F57F3BB008EC7D1 /* BRSDataProvider.m in Sources */,
				CD9FA0921F5801B3008EC7D1 /* BRSRestaurantCollectionViewCell.m in Sources */,
				CD9FA0951F581801008EC7D1 /* BRSDetailRestaurantViewController.m in Sources */,
				CD9FA0771F57F2FC008EC7D1 /* BRSContact.m in Sources */,
				CD9FA08C1F57FE3A008EC7D1 /* BRSRestaurantsViewController.m in Sources */,
				CDEC10701F57EA74000DC756 /* BRSAppDelegate.m in Sources */,
				CDE267EA1F5861190055FC4D /* UIViewController+BRSAutoratation.m in Sources */,
				CD9FA07A1F57F31E008EC7D1 /* BRSLocation.m in Sources */,
				CD9FA0741F57F2B7008EC7D1 /* BRSRestaurant.m in Sources */,
				CDEC106D1F57EA74000DC756 /* main.m in Sources */,
				CD9FA08D1F57FE3A008EC7D1 /* BRSWebViewController.m in Sources */,
			);
			runOnlyForDeploymentPostprocessing = 0;
		};
/* End PBXSourcesBuildPhase section */

/* Begin PBXVariantGroup section */
		CDEC10741F57EA74000DC756 /* Main.storyboard */ = {
			isa = PBXVariantGroup;
			children = (
				CDEC10751F57EA74000DC756 /* Base */,
			);
			name = Main.storyboard;
			sourceTree = "<group>";
		};
		CDEC10791F57EA74000DC756 /* LaunchScreen.storyboard */ = {
			isa = PBXVariantGroup;
			children = (
				CDEC107A1F57EA74000DC756 /* Base */,
			);
			name = LaunchScreen.storyboard;
			sourceTree = "<group>";
		};
/* End PBXVariantGroup section */

/* Begin XCBuildConfiguration section */
		CDEC107D1F57EA74000DC756 /* Debug */ = {
			isa = XCBuildConfiguration;
			buildSettings = {
				ALWAYS_SEARCH_USER_PATHS = NO;
				CLANG_ANALYZER_NONNULL = YES;
				CLANG_ANALYZER_NUMBER_OBJECT_CONVERSION = YES_AGGRESSIVE;
				CLANG_CXX_LANGUAGE_STANDARD = "gnu++0x";
				CLANG_CXX_LIBRARY = "libc++";
				CLANG_ENABLE_MODULES = YES;
				CLANG_ENABLE_OBJC_ARC = YES;
				CLANG_WARN_BOOL_CONVERSION = YES;
				CLANG_WARN_CONSTANT_CONVERSION = YES;
				CLANG_WARN_DIRECT_OBJC_ISA_USAGE = YES_ERROR;
				CLANG_WARN_DOCUMENTATION_COMMENTS = YES;
				CLANG_WARN_EMPTY_BODY = YES;
				CLANG_WARN_ENUM_CONVERSION = YES;
				CLANG_WARN_INFINITE_RECURSION = YES;
				CLANG_WARN_INT_CONVERSION = YES;
				CLANG_WARN_OBJC_ROOT_CLASS = YES_ERROR;
				CLANG_WARN_SUSPICIOUS_MOVE = YES;
				CLANG_WARN_UNREACHABLE_CODE = YES;
				CLANG_WARN__DUPLICATE_METHOD_MATCH = YES;
				"CODE_SIGN_IDENTITY[sdk=iphoneos*]" = "iPhone Developer";
				COPY_PHASE_STRIP = NO;
				DEBUG_INFORMATION_FORMAT = dwarf;
				ENABLE_STRICT_OBJC_MSGSEND = YES;
				ENABLE_TESTABILITY = YES;
				GCC_C_LANGUAGE_STANDARD = gnu99;
				GCC_DYNAMIC_NO_PIC = NO;
				GCC_NO_COMMON_BLOCKS = YES;
				GCC_OPTIMIZATION_LEVEL = 0;
				GCC_PREPROCESSOR_DEFINITIONS = (
					"DEBUG=1",
					"$(inherited)",
				);
				GCC_WARN_64_TO_32_BIT_CONVERSION = YES;
				GCC_WARN_ABOUT_RETURN_TYPE = YES_ERROR;
				GCC_WARN_UNDECLARED_SELECTOR = YES;
				GCC_WARN_UNINITIALIZED_AUTOS = YES_AGGRESSIVE;
				GCC_WARN_UNUSED_FUNCTION = YES;
				GCC_WARN_UNUSED_VARIABLE = YES;
				IPHONEOS_DEPLOYMENT_TARGET = 10.3;
				MTL_ENABLE_DEBUG_INFO = YES;
				ONLY_ACTIVE_ARCH = YES;
				SDKROOT = iphoneos;
				TARGETED_DEVICE_FAMILY = "1,2";
			};
			name = Debug;
		};
		CDEC107E1F57EA74000DC756 /* Release */ = {
			isa = XCBuildConfiguration;
			buildSettings = {
				ALWAYS_SEARCH_USER_PATHS = NO;
				CLANG_ANALYZER_NONNULL = YES;
				CLANG_ANALYZER_NUMBER_OBJECT_CONVERSION = YES_AGGRESSIVE;
				CLANG_CXX_LANGUAGE_STANDARD = "gnu++0x";
				CLANG_CXX_LIBRARY = "libc++";
				CLANG_ENABLE_MODULES = YES;
				CLANG_ENABLE_OBJC_ARC = YES;
				CLANG_WARN_BOOL_CONVERSION = YES;
				CLANG_WARN_CONSTANT_CONVERSION = YES;
				CLANG_WARN_DIRECT_OBJC_ISA_USAGE = YES_ERROR;
				CLANG_WARN_DOCUMENTATION_COMMENTS = YES;
				CLANG_WARN_EMPTY_BODY = YES;
				CLANG_WARN_ENUM_CONVERSION = YES;
				CLANG_WARN_INFINITE_RECURSION = YES;
				CLANG_WARN_INT_CONVERSION = YES;
				CLANG_WARN_OBJC_ROOT_CLASS = YES_ERROR;
				CLANG_WARN_SUSPICIOUS_MOVE = YES;
				CLANG_WARN_UNREACHABLE_CODE = YES;
				CLANG_WARN__DUPLICATE_METHOD_MATCH = YES;
				"CODE_SIGN_IDENTITY[sdk=iphoneos*]" = "iPhone Developer";
				COPY_PHASE_STRIP = NO;
				DEBUG_INFORMATION_FORMAT = "dwarf-with-dsym";
				ENABLE_NS_ASSERTIONS = NO;
				ENABLE_STRICT_OBJC_MSGSEND = YES;
				GCC_C_LANGUAGE_STANDARD = gnu99;
				GCC_NO_COMMON_BLOCKS = YES;
				GCC_WARN_64_TO_32_BIT_CONVERSION = YES;
				GCC_WARN_ABOUT_RETURN_TYPE = YES_ERROR;
				GCC_WARN_UNDECLARED_SELECTOR = YES;
				GCC_WARN_UNINITIALIZED_AUTOS = YES_AGGRESSIVE;
				GCC_WARN_UNUSED_FUNCTION = YES;
				GCC_WARN_UNUSED_VARIABLE = YES;
				IPHONEOS_DEPLOYMENT_TARGET = 10.3;
				MTL_ENABLE_DEBUG_INFO = NO;
				SDKROOT = iphoneos;
				TARGETED_DEVICE_FAMILY = "1,2";
				VALIDATE_PRODUCT = YES;
			};
			name = Release;
		};
		CDEC10801F57EA74000DC756 /* Debug */ = {
			isa = XCBuildConfiguration;
			baseConfigurationReference = E5D8279EA9D759403AC07D0B /* Pods-BottleRocketApp.debug.xcconfig */;
			buildSettings = {
				ASSETCATALOG_COMPILER_APPICON_NAME = AppIcon;
				"CODE_SIGN_IDENTITY[sdk=iphoneos*]" = "iPhone Developer";
				DEVELOPMENT_TEAM = "";
				INFOPLIST_FILE = BottleRocketApp/Info.plist;
				IPHONEOS_DEPLOYMENT_TARGET = 10.0;
				LD_RUNPATH_SEARCH_PATHS = "$(inherited) @executable_path/Frameworks";
				PRODUCT_BUNDLE_IDENTIFIER = com.alspirichev.BottleRocketApp;
				PRODUCT_NAME = "$(TARGET_NAME)";
				PROVISIONING_PROFILE_SPECIFIER = "";
			};
			name = Debug;
		};
		CDEC10811F57EA74000DC756 /* Release */ = {
			isa = XCBuildConfiguration;
			baseConfigurationReference = 30505147713E90F004A07A6F /* Pods-BottleRocketApp.release.xcconfig */;
			buildSettings = {
				ASSETCATALOG_COMPILER_APPICON_NAME = AppIcon;
				"CODE_SIGN_IDENTITY[sdk=iphoneos*]" = "iPhone Developer";
				DEVELOPMENT_TEAM = "";
				INFOPLIST_FILE = BottleRocketApp/Info.plist;
				IPHONEOS_DEPLOYMENT_TARGET = 10.0;
				LD_RUNPATH_SEARCH_PATHS = "$(inherited) @executable_path/Frameworks";
				PRODUCT_BUNDLE_IDENTIFIER = com.alspirichev.BottleRocketApp;
				PRODUCT_NAME = "$(TARGET_NAME)";
				PROVISIONING_PROFILE_SPECIFIER = "";
			};
			name = Release;
		};
/* End XCBuildConfiguration section */

/* Begin XCConfigurationList section */
		CDEC10631F57EA74000DC756 /* Build configuration list for PBXProject "BottleRocketApp" */ = {
			isa = XCConfigurationList;
			buildConfigurations = (
				CDEC107D1F57EA74000DC756 /* Debug */,
				CDEC107E1F57EA74000DC756 /* Release */,
			);
			defaultConfigurationIsVisible = 0;
			defaultConfigurationName = Release;
		};
		CDEC107F1F57EA74000DC756 /* Build configuration list for PBXNativeTarget "BottleRocketApp" */ = {
			isa = XCConfigurationList;
			buildConfigurations = (
				CDEC10801F57EA74000DC756 /* Debug */,
				CDEC10811F57EA74000DC756 /* Release */,
			);
			defaultConfigurationIsVisible = 0;
			defaultConfigurationName = Release;
		};
/* End XCConfigurationList section */
	};
	rootObject = CDEC10601F57EA74000DC756 /* Project object */;
}
